Microsoft Visual Studio Solution File, Format Version 12.00
# Visual Studio Express 2012 for Windows Desktop
Project("{2150E333-8FDC-42A3-9474-1A3956D46DE8}") = "UML Application", "UML Application", "{C7A9E1F8-38FD-4268-BFC5-473CF16471D8}"
EndProject
Project("{2150E333-8FDC-42A3-9474-1A3956D46DE8}") = "UML Plugins", "UML Plugins", "{2D26ECAB-01CB-4A96-B34C-EA616F547227}"
EndProject
Project("{2150E333-8FDC-42A3-9474-1A3956D46DE8}") = "Edi", "Edi", "{39FEC70F-8F35-4A04-B770-59F12A0CE83F}"
EndProject
Project("{FAE04EC0-301F-11D3-BF4B-00C04F79EFBC}") = "Edi", "Edi\Edi.csproj", "{A02BE1B0-4071-4FCE-AF68-EA3A0A679DA1}"
EndProject
Project("{FAE04EC0-301F-11D3-BF4B-00C04F79EFBC}") = "ICSharpCode.AvalonEdit", "ICSharpCode.AvalonEdit\ICSharpCode.AvalonEdit.csproj", "{6C55B776-26D4-4DB3-A6AB-87E783B2F3D1}"
EndProject
Project("{FAE04EC0-301F-11D3-BF4B-00C04F79EFBC}") = "SimpleControls", "SimpleControls\SimpleControls.csproj", "{0E69BE38-78C0-4662-A0E1-56C5913B5C3A}"
EndProject
Project("{FAE04EC0-301F-11D3-BF4B-00C04F79EFBC}") = "Themes", "Themes\Themes.csproj", "{957A91E6-91DD-4C13-B1D1-F06D66EC6D55}"
EndProject
Project("{FAE04EC0-301F-11D3-BF4B-00C04F79EFBC}") = "EdiViews", "EdiViews\EdiViews.csproj", "{8D6363BB-DDEE-48A9-9D33-4BC412434428}"
EndProject
Project("{FAE04EC0-301F-11D3-BF4B-00C04F79EFBC}") = "Util", "Util\Util.csproj", "{D96F59C4-A727-47D9-84AD-508B04DF2714}"
EndProject
Project("{FAE04EC0-301F-11D3-BF4B-00C04F79EFBC}") = "MiniUML.Model", "MiniUML\MiniUML.Model\MiniUML.Model.csproj", "{4654F58A-400C-4D47-9DC9-9FCA153554D3}"
EndProject
Project("{FAE04EC0-301F-11D3-BF4B-00C04F79EFBC}") = "MiniUML.View", "MiniUML\MiniUML.View\MiniUML.View.csproj", "{AAD6B1D6-F529-40F8-9786-DC8E2FDF0AD6}"
EndProject
Project("{FAE04EC0-301F-11D3-BF4B-00C04F79EFBC}") = "MiniUML.Plugins.UmlClassDiagram", "MiniUML\Plugins\src\MiniUML.Plugins.UmlClassDiagram\MiniUML.Plugins.UmlClassDiagram.csproj", "{9584C00E-7FE9-428A-9770-0A8AF6969B68}"
EndProject
Project("{FAE04EC0-301F-11D3-BF4B-00C04F79EFBC}") = "MiniUML.Framework", "MiniUML\MiniUML.Framework\MiniUML.Framework.csproj", "{99941EFE-69B0-4618-B130-6D6FC1B43EB3}"
EndProject
Global
	GlobalSection(SolutionConfigurationPlatforms) = preSolution
		Debug|Any CPU = Debug|Any CPU
		Debug|Mixed = Debug|Mixed
		Debug|Mixed Platforms = Debug|Mixed Platforms
		Debug|x86 = Debug|x86
		Release|Any CPU = Release|Any CPU
		Release|Mixed = Release|Mixed
		Release|Mixed Platforms = Release|Mixed Platforms
		Release|x86 = Release|x86
	EndGlobalSection
	GlobalSection(ProjectConfigurationPlatforms) = postSolution
		{A02BE1B0-4071-4FCE-AF68-EA3A0A679DA1}.Debug|Any CPU.ActiveCfg = Debug|Any CPU
		{A02BE1B0-4071-4FCE-AF68-EA3A0A679DA1}.Debug|Any CPU.Build.0 = Debug|Any CPU
		{A02BE1B0-4071-4FCE-AF68-EA3A0A679DA1}.Debug|Mixed.ActiveCfg = Debug|x86
		{A02BE1B0-4071-4FCE-AF68-EA3A0A679DA1}.Debug|Mixed.Build.0 = Debug|x86
		{A02BE1B0-4071-4FCE-AF68-EA3A0A679DA1}.Debug|Mixed Platforms.ActiveCfg = Debug|x86
		{A02BE1B0-4071-4FCE-AF68-EA3A0A679DA1}.Debug|Mixed Platforms.Build.0 = Debug|x86
		{A02BE1B0-4071-4FCE-AF68-EA3A0A679DA1}.Debug|x86.ActiveCfg = Debug|x86
		{A02BE1B0-4071-4FCE-AF68-EA3A0A679DA1}.Debug|x86.Build.0 = Debug|x86
		{A02BE1B0-4071-4FCE-AF68-EA3A0A679DA1}.Release|Any CPU.ActiveCfg = Release|Any CPU
		{A02BE1B0-4071-4FCE-AF68-EA3A0A679DA1}.Release|Any CPU.Build.0 = Release|Any CPU
		{A02BE1B0-4071-4FCE-AF68-EA3A0A679DA1}.Release|Mixed.ActiveCfg = Release|Any CPU
		{A02BE1B0-4071-4FCE-AF68-EA3A0A679DA1}.Release|Mixed Platforms.ActiveCfg = Release|x86
		{A02BE1B0-4071-4FCE-AF68-EA3A0A679DA1}.Release|Mixed Platforms.Build.0 = Release|x86
		{A02BE1B0-4071-4FCE-AF68-EA3A0A679DA1}.Release|x86.ActiveCfg = Release|x86
		{A02BE1B0-4071-4FCE-AF68-EA3A0A679DA1}.Release|x86.Build.0 = Release|x86
		{DB81988F-E0F2-45A0-A1FD-8C37F3D35244}.Debug|Any CPU.ActiveCfg = Debug|Any CPU
		{DB81988F-E0F2-45A0-A1FD-8C37F3D35244}.Debug|Any CPU.Build.0 = Debug|Any CPU
		{DB81988F-E0F2-45A0-A1FD-8C37F3D35244}.Debug|Mixed.ActiveCfg = Debug|Any CPU
		{DB81988F-E0F2-45A0-A1FD-8C37F3D35244}.Debug|Mixed.Build.0 = Debug|Any CPU
		{DB81988F-E0F2-45A0-A1FD-8C37F3D35244}.Debug|Mixed Platforms.ActiveCfg = Debug|Any CPU
		{DB81988F-E0F2-45A0-A1FD-8C37F3D35244}.Debug|Mixed Platforms.Build.0 = Debug|Any CPU
		{DB81988F-E0F2-45A0-A1FD-8C37F3D35244}.Debug|x86.ActiveCfg = Debug|x86
		{DB81988F-E0F2-45A0-A1FD-8C37F3D35244}.Debug|x86.Build.0 = Debug|x86
		{DB81988F-E0F2-45A0-A1FD-8C37F3D35244}.Release|Any CPU.ActiveCfg = Release|Any CPU
		{DB81988F-E0F2-45A0-A1FD-8C37F3D35244}.Release|Any CPU.Build.0 = Release|Any CPU
		{DB81988F-E0F2-45A0-A1FD-8C37F3D35244}.Release|Mixed.ActiveCfg = Release|Any CPU
		{DB81988F-E0F2-45A0-A1FD-8C37F3D35244}.Release|Mixed Platforms.ActiveCfg = Release|Any CPU
		{DB81988F-E0F2-45A0-A1FD-8C37F3D35244}.Release|Mixed Platforms.Build.0 = Release|Any CPU
		{DB81988F-E0F2-45A0-A1FD-8C37F3D35244}.Release|x86.ActiveCfg = Release|Any CPU
		{6C55B776-26D4-4DB3-A6AB-87E783B2F3D1}.Debug|Any CPU.ActiveCfg = Debug|Any CPU
		{6C55B776-26D4-4DB3-A6AB-87E783B2F3D1}.Debug|Any CPU.Build.0 = Debug|Any CPU
		{6C55B776-26D4-4DB3-A6AB-87E783B2F3D1}.Debug|Mixed.ActiveCfg = Debug|Any CPU
		{6C55B776-26D4-4DB3-A6AB-87E783B2F3D1}.Debug|Mixed.Build.0 = Debug|Any CPU
		{6C55B776-26D4-4DB3-A6AB-87E783B2F3D1}.Debug|Mixed Platforms.ActiveCfg = Debug|Any CPU
		{6C55B776-26D4-4DB3-A6AB-87E783B2F3D1}.Debug|Mixed Platforms.Build.0 = Debug|Any CPU
		{6C55B776-26D4-4DB3-A6AB-87E783B2F3D1}.Debug|x86.ActiveCfg = Debug|x86
		{6C55B776-26D4-4DB3-A6AB-87E783B2F3D1}.Debug|x86.Build.0 = Debug|x86
		{6C55B776-26D4-4DB3-A6AB-87E783B2F3D1}.Release|Any CPU.ActiveCfg = Release|Any CPU
		{6C55B776-26D4-4DB3-A6AB-87E783B2F3D1}.Release|Any CPU.Build.0 = Release|Any CPU
		{6C55B776-26D4-4DB3-A6AB-87E783B2F3D1}.Release|Mixed.ActiveCfg = Release|Any CPU
		{6C55B776-26D4-4DB3-A6AB-87E783B2F3D1}.Release|Mixed Platforms.ActiveCfg = Release|Any CPU
		{6C55B776-26D4-4DB3-A6AB-87E783B2F3D1}.Release|Mixed Platforms.Build.0 = Release|Any CPU
		{6C55B776-26D4-4DB3-A6AB-87E783B2F3D1}.Release|x86.ActiveCfg = Release|Any CPU
		{0E69BE38-78C0-4662-A0E1-56C5913B5C3A}.Debug|Any CPU.ActiveCfg = Debug|Any CPU
		{0E69BE38-78C0-4662-A0E1-56C5913B5C3A}.Debug|Any CPU.Build.0 = Debug|Any CPU
		{0E69BE38-78C0-4662-A0E1-56C5913B5C3A}.Debug|Mixed.ActiveCfg = Debug|Any CPU
		{0E69BE38-78C0-4662-A0E1-56C5913B5C3A}.Debug|Mixed.Build.0 = Debug|Any CPU
		{0E69BE38-78C0-4662-A0E1-56C5913B5C3A}.Debug|Mixed Platforms.ActiveCfg = Debug|Any CPU
		{0E69BE38-78C0-4662-A0E1-56C5913B5C3A}.Debug|Mixed Platforms.Build.0 = Debug|Any CPU
		{0E69BE38-78C0-4662-A0E1-56C5913B5C3A}.Debug|x86.ActiveCfg = Debug|x86
		{0E69BE38-78C0-4662-A0E1-56C5913B5C3A}.Debug|x86.Build.0 = Debug|x86
		{0E69BE38-78C0-4662-A0E1-56C5913B5C3A}.Release|Any CPU.ActiveCfg = Release|Any CPU
		{0E69BE38-78C0-4662-A0E1-56C5913B5C3A}.Release|Any CPU.Build.0 = Release|Any CPU
		{0E69BE38-78C0-4662-A0E1-56C5913B5C3A}.Release|Mixed.ActiveCfg = Release|Any CPU
		{0E69BE38-78C0-4662-A0E1-56C5913B5C3A}.Release|Mixed Platforms.ActiveCfg = Release|Any CPU
		{0E69BE38-78C0-4662-A0E1-56C5913B5C3A}.Release|Mixed Platforms.Build.0 = Release|Any CPU
		{0E69BE38-78C0-4662-A0E1-56C5913B5C3A}.Release|x86.ActiveCfg = Release|Any CPU
		{957A91E6-91DD-4C13-B1D1-F06D66EC6D55}.Debug|Any CPU.ActiveCfg = Debug|Any CPU
		{957A91E6-91DD-4C13-B1D1-F06D66EC6D55}.Debug|Any CPU.Build.0 = Debug|Any CPU
		{957A91E6-91DD-4C13-B1D1-F06D66EC6D55}.Debug|Mixed.ActiveCfg = Debug|Any CPU
		{957A91E6-91DD-4C13-B1D1-F06D66EC6D55}.Debug|Mixed.Build.0 = Debug|Any CPU
		{957A91E6-91DD-4C13-B1D1-F06D66EC6D55}.Debug|Mixed Platforms.ActiveCfg = Debug|Any CPU
		{957A91E6-91DD-4C13-B1D1-F06D66EC6D55}.Debug|Mixed Platforms.Build.0 = Debug|Any CPU
		{957A91E6-91DD-4C13-B1D1-F06D66EC6D55}.Debug|x86.ActiveCfg = Debug|x86
		{957A91E6-91DD-4C13-B1D1-F06D66EC6D55}.Debug|x86.Build.0 = Debug|x86
		{957A91E6-91DD-4C13-B1D1-F06D66EC6D55}.Release|Any CPU.ActiveCfg = Release|Any CPU
		{957A91E6-91DD-4C13-B1D1-F06D66EC6D55}.Release|Any CPU.Build.0 = Release|Any CPU
		{957A91E6-91DD-4C13-B1D1-F06D66EC6D55}.Release|Mixed.ActiveCfg = Release|Any CPU
		{957A91E6-91DD-4C13-B1D1-F06D66EC6D55}.Release|Mixed Platforms.ActiveCfg = Release|Any CPU
		{957A91E6-91DD-4C13-B1D1-F06D66EC6D55}.Release|Mixed Platforms.Build.0 = Release|Any CPU
		{957A91E6-91DD-4C13-B1D1-F06D66EC6D55}.Release|x86.ActiveCfg = Release|Any CPU
		{8D6363BB-DDEE-48A9-9D33-4BC412434428}.Debug|Any CPU.ActiveCfg = Debug|Any CPU
		{8D6363BB-DDEE-48A9-9D33-4BC412434428}.Debug|Any CPU.Build.0 = Debug|Any CPU
		{8D6363BB-DDEE-48A9-9D33-4BC412434428}.Debug|Mixed.ActiveCfg = Debug|Any CPU
		{8D6363BB-DDEE-48A9-9D33-4BC412434428}.Debug|Mixed.Build.0 = Debug|Any CPU
		{8D6363BB-DDEE-48A9-9D33-4BC412434428}.Debug|Mixed Platforms.ActiveCfg = Debug|Any CPU
		{8D6363BB-DDEE-48A9-9D33-4BC412434428}.Debug|Mixed Platforms.Build.0 = Debug|Any CPU
		{8D6363BB-DDEE-48A9-9D33-4BC412434428}.Debug|x86.ActiveCfg = Debug|x86
		{8D6363BB-DDEE-48A9-9D33-4BC412434428}.Debug|x86.Build.0 = Debug|x86
		{8D6363BB-DDEE-48A9-9D33-4BC412434428}.Release|Any CPU.ActiveCfg = Release|Any CPU
		{8D6363BB-DDEE-48A9-9D33-4BC412434428}.Release|Any CPU.Build.0 = Release|Any CPU
		{8D6363BB-DDEE-48A9-9D33-4BC412434428}.Release|Mixed.ActiveCfg = Release|Any CPU
		{8D6363BB-DDEE-48A9-9D33-4BC412434428}.Release|Mixed Platforms.ActiveCfg = Release|Any CPU
		{8D6363BB-DDEE-48A9-9D33-4BC412434428}.Release|Mixed Platforms.Build.0 = Release|Any CPU
		{8D6363BB-DDEE-48A9-9D33-4BC412434428}.Release|x86.ActiveCfg = Release|Any CPU
		{D96F59C4-A727-47D9-84AD-508B04DF2714}.Debug|Any CPU.ActiveCfg = Debug|Any CPU
		{D96F59C4-A727-47D9-84AD-508B04DF2714}.Debug|Any CPU.Build.0 = Debug|Any CPU
		{D96F59C4-A727-47D9-84AD-508B04DF2714}.Debug|Mixed.ActiveCfg = Debug|Any CPU
		{D96F59C4-A727-47D9-84AD-508B04DF2714}.Debug|Mixed.Build.0 = Debug|Any CPU
		{D96F59C4-A727-47D9-84AD-508B04DF2714}.Debug|Mixed Platforms.ActiveCfg = Debug|Any CPU
		{D96F59C4-A727-47D9-84AD-508B04DF2714}.Debug|Mixed Platforms.Build.0 = Debug|Any CPU
		{D96F59C4-A727-47D9-84AD-508B04DF2714}.Debug|x86.ActiveCfg = Debug|x86
		{D96F59C4-A727-47D9-84AD-508B04DF2714}.Debug|x86.Build.0 = Debug|x86
		{D96F59C4-A727-47D9-84AD-508B04DF2714}.Release|Any CPU.ActiveCfg = Release|Any CPU
		{D96F59C4-A727-47D9-84AD-508B04DF2714}.Release|Any CPU.Build.0 = Release|Any CPU
		{D96F59C4-A727-47D9-84AD-508B04DF2714}.Release|Mixed.ActiveCfg = Release|Any CPU
		{D96F59C4-A727-47D9-84AD-508B04DF2714}.Release|Mixed Platforms.ActiveCfg = Release|Any CPU
		{D96F59C4-A727-47D9-84AD-508B04DF2714}.Release|Mixed Platforms.Build.0 = Release|Any CPU
		{D96F59C4-A727-47D9-84AD-508B04DF2714}.Release|x86.ActiveCfg = Release|Any CPU
		{6C7BAC7E-22B9-4C82-A85A-E558EB6D93CE}.Debug|Any CPU.ActiveCfg = Debug|Any CPU
		{6C7BAC7E-22B9-4C82-A85A-E558EB6D93CE}.Debug|Any CPU.Build.0 = Debug|Any CPU
		{6C7BAC7E-22B9-4C82-A85A-E558EB6D93CE}.Debug|Mixed.ActiveCfg = Debug|Any CPU
		{6C7BAC7E-22B9-4C82-A85A-E558EB6D93CE}.Debug|Mixed.Build.0 = Debug|Any CPU
		{6C7BAC7E-22B9-4C82-A85A-E558EB6D93CE}.Debug|Mixed Platforms.ActiveCfg = Debug|Any CPU
		{6C7BAC7E-22B9-4C82-A85A-E558EB6D93CE}.Debug|Mixed Platforms.Build.0 = Debug|Any CPU
		{6C7BAC7E-22B9-4C82-A85A-E558EB6D93CE}.Debug|x86.ActiveCfg = Debug|x86
		{6C7BAC7E-22B9-4C82-A85A-E558EB6D93CE}.Debug|x86.Build.0 = Debug|x86
		{6C7BAC7E-22B9-4C82-A85A-E558EB6D93CE}.Release|Any CPU.ActiveCfg = Release|Any CPU
		{6C7BAC7E-22B9-4C82-A85A-E558EB6D93CE}.Release|Any CPU.Build.0 = Release|Any CPU
		{6C7BAC7E-22B9-4C82-A85A-E558EB6D93CE}.Release|Mixed.ActiveCfg = Release|Any CPU
		{6C7BAC7E-22B9-4C82-A85A-E558EB6D93CE}.Release|Mixed Platforms.ActiveCfg = Release|Any CPU
		{6C7BAC7E-22B9-4C82-A85A-E558EB6D93CE}.Release|Mixed Platforms.Build.0 = Release|Any CPU
		{6C7BAC7E-22B9-4C82-A85A-E558EB6D93CE}.Release|x86.ActiveCfg = Release|Any CPU
		{B3FC3E21-5F2D-4581-AEA2-59F671CFFC21}.Debug|Any CPU.ActiveCfg = Debug|Any CPU
		{B3FC3E21-5F2D-4581-AEA2-59F671CFFC21}.Debug|Any CPU.Build.0 = Debug|Any CPU
		{B3FC3E21-5F2D-4581-AEA2-59F671CFFC21}.Debug|Mixed.ActiveCfg = Debug|Any CPU
		{B3FC3E21-5F2D-4581-AEA2-59F671CFFC21}.Debug|Mixed.Build.0 = Debug|Any CPU
		{B3FC3E21-5F2D-4581-AEA2-59F671CFFC21}.Debug|Mixed Platforms.ActiveCfg = Debug|Any CPU
		{B3FC3E21-5F2D-4581-AEA2-59F671CFFC21}.Debug|Mixed Platforms.Build.0 = Debug|Any CPU
		{B3FC3E21-5F2D-4581-AEA2-59F671CFFC21}.Debug|x86.ActiveCfg = Debug|x86
		{B3FC3E21-5F2D-4581-AEA2-59F671CFFC21}.Debug|x86.Build.0 = Debug|x86
		{B3FC3E21-5F2D-4581-AEA2-59F671CFFC21}.Release|Any CPU.ActiveCfg = Release|Any CPU
		{B3FC3E21-5F2D-4581-AEA2-59F671CFFC21}.Release|Any CPU.Build.0 = Release|Any CPU
		{B3FC3E21-5F2D-4581-AEA2-59F671CFFC21}.Release|Mixed.ActiveCfg = Release|Any CPU
		{B3FC3E21-5F2D-4581-AEA2-59F671CFFC21}.Release|Mixed Platforms.ActiveCfg = Release|Any CPU
		{B3FC3E21-5F2D-4581-AEA2-59F671CFFC21}.Release|Mixed Platforms.Build.0 = Release|Any CPU
		{B3FC3E21-5F2D-4581-AEA2-59F671CFFC21}.Release|x86.ActiveCfg = Release|Any CPU
		{BA72CCE0-A9FB-4995-B496-7FEC5C87B85B}.Debug|Any CPU.ActiveCfg = Debug|Any CPU
		{BA72CCE0-A9FB-4995-B496-7FEC5C87B85B}.Debug|Any CPU.Build.0 = Debug|Any CPU
		{BA72CCE0-A9FB-4995-B496-7FEC5C87B85B}.Debug|Mixed.ActiveCfg = Debug|Any CPU
		{BA72CCE0-A9FB-4995-B496-7FEC5C87B85B}.Debug|Mixed.Build.0 = Debug|Any CPU
		{BA72CCE0-A9FB-4995-B496-7FEC5C87B85B}.Debug|Mixed Platforms.ActiveCfg = Debug|Any CPU
		{BA72CCE0-A9FB-4995-B496-7FEC5C87B85B}.Debug|Mixed Platforms.Build.0 = Debug|Any CPU
		{BA72CCE0-A9FB-4995-B496-7FEC5C87B85B}.Debug|x86.ActiveCfg = Debug|x86
		{BA72CCE0-A9FB-4995-B496-7FEC5C87B85B}.Debug|x86.Build.0 = Debug|x86
		{BA72CCE0-A9FB-4995-B496-7FEC5C87B85B}.Release|Any CPU.ActiveCfg = Release|Any CPU
		{BA72CCE0-A9FB-4995-B496-7FEC5C87B85B}.Release|Any CPU.Build.0 = Release|Any CPU
		{BA72CCE0-A9FB-4995-B496-7FEC5C87B85B}.Release|Mixed.ActiveCfg = Release|Any CPU
		{BA72CCE0-A9FB-4995-B496-7FEC5C87B85B}.Release|Mixed Platforms.ActiveCfg = Release|Any CPU
		{BA72CCE0-A9FB-4995-B496-7FEC5C87B85B}.Release|Mixed Platforms.Build.0 = Release|Any CPU
		{BA72CCE0-A9FB-4995-B496-7FEC5C87B85B}.Release|x86.ActiveCfg = Release|Any CPU
		{89286EB4-B4A1-418C-839A-067B00F442D8}.Debug|Any CPU.ActiveCfg = Debug|Any CPU
		{89286EB4-B4A1-418C-839A-067B00F442D8}.Debug|Any CPU.Build.0 = Debug|Any CPU
		{89286EB4-B4A1-418C-839A-067B00F442D8}.Debug|Mixed.ActiveCfg = Debug|Any CPU
		{89286EB4-B4A1-418C-839A-067B00F442D8}.Debug|Mixed.Build.0 = Debug|Any CPU
		{89286EB4-B4A1-418C-839A-067B00F442D8}.Debug|Mixed Platforms.ActiveCfg = Debug|Any CPU
		{89286EB4-B4A1-418C-839A-067B00F442D8}.Debug|Mixed Platforms.Build.0 = Debug|Any CPU
		{89286EB4-B4A1-418C-839A-067B00F442D8}.Debug|x86.ActiveCfg = Debug|x86
		{89286EB4-B4A1-418C-839A-067B00F442D8}.Debug|x86.Build.0 = Debug|x86
		{89286EB4-B4A1-418C-839A-067B00F442D8}.Release|Any CPU.ActiveCfg = Release|Any CPU
		{89286EB4-B4A1-418C-839A-067B00F442D8}.Release|Any CPU.Build.0 = Release|Any CPU
		{89286EB4-B4A1-418C-839A-067B00F442D8}.Release|Mixed.ActiveCfg = Release|Any CPU
		{89286EB4-B4A1-418C-839A-067B00F442D8}.Release|Mixed Platforms.ActiveCfg = Release|Any CPU
		{89286EB4-B4A1-418C-839A-067B00F442D8}.Release|Mixed Platforms.Build.0 = Release|Any CPU
		{89286EB4-B4A1-418C-839A-067B00F442D8}.Release|x86.ActiveCfg = Release|Any CPU
		{488DD8F7-9D3C-4F53-BD1F-84A095D9BC10}.Debug|Any CPU.ActiveCfg = Debug|Any CPU
		{488DD8F7-9D3C-4F53-BD1F-84A095D9BC10}.Debug|Any CPU.Build.0 = Debug|Any CPU
		{488DD8F7-9D3C-4F53-BD1F-84A095D9BC10}.Debug|Mixed.ActiveCfg = Debug|Any CPU
		{488DD8F7-9D3C-4F53-BD1F-84A095D9BC10}.Debug|Mixed.Build.0 = Debug|Any CPU
		{488DD8F7-9D3C-4F53-BD1F-84A095D9BC10}.Debug|Mixed Platforms.ActiveCfg = Debug|Any CPU
		{488DD8F7-9D3C-4F53-BD1F-84A095D9BC10}.Debug|Mixed Platforms.Build.0 = Debug|Any CPU
		{488DD8F7-9D3C-4F53-BD1F-84A095D9BC10}.Debug|x86.ActiveCfg = Debug|x86
		{488DD8F7-9D3C-4F53-BD1F-84A095D9BC10}.Debug|x86.Build.0 = Debug|x86
		{488DD8F7-9D3C-4F53-BD1F-84A095D9BC10}.Release|Any CPU.ActiveCfg = Release|Any CPU
		{488DD8F7-9D3C-4F53-BD1F-84A095D9BC10}.Release|Any CPU.Build.0 = Release|Any CPU
		{488DD8F7-9D3C-4F53-BD1F-84A095D9BC10}.Release|Mixed.ActiveCfg = Release|Any CPU
		{488DD8F7-9D3C-4F53-BD1F-84A095D9BC10}.Release|Mixed Platforms.ActiveCfg = Release|Any CPU
		{488DD8F7-9D3C-4F53-BD1F-84A095D9BC10}.Release|Mixed Platforms.Build.0 = Release|Any CPU
		{488DD8F7-9D3C-4F53-BD1F-84A095D9BC10}.Release|x86.ActiveCfg = Release|Any CPU
		{4654F58A-400C-4D47-9DC9-9FCA153554D3}.Debug|Any CPU.ActiveCfg = Debug|Any CPU
		{4654F58A-400C-4D47-9DC9-9FCA153554D3}.Debug|Any CPU.Build.0 = Debug|Any CPU
		{4654F58A-400C-4D47-9DC9-9FCA153554D3}.Debug|Mixed.ActiveCfg = Debug|Any CPU
		{4654F58A-400C-4D47-9DC9-9FCA153554D3}.Debug|Mixed.Build.0 = Debug|Any CPU
		{4654F58A-400C-4D47-9DC9-9FCA153554D3}.Debug|Mixed Platforms.ActiveCfg = Debug|Any CPU
		{4654F58A-400C-4D47-9DC9-9FCA153554D3}.Debug|Mixed Platforms.Build.0 = Debug|Any CPU
		{4654F58A-400C-4D47-9DC9-9FCA153554D3}.Debug|x86.ActiveCfg = Debug|x86
		{4654F58A-400C-4D47-9DC9-9FCA153554D3}.Debug|x86.Build.0 = Debug|x86
		{4654F58A-400C-4D47-9DC9-9FCA153554D3}.Release|Any CPU.ActiveCfg = Release|Any CPU
		{4654F58A-400C-4D47-9DC9-9FCA153554D3}.Release|Any CPU.Build.0 = Release|Any CPU
		{4654F58A-400C-4D47-9DC9-9FCA153554D3}.Release|Mixed.ActiveCfg = Release|Any CPU
		{4654F58A-400C-4D47-9DC9-9FCA153554D3}.Release|Mixed Platforms.ActiveCfg = Release|Any CPU
		{4654F58A-400C-4D47-9DC9-9FCA153554D3}.Release|Mixed Platforms.Build.0 = Release|Any CPU
		{4654F58A-400C-4D47-9DC9-9FCA153554D3}.Release|x86.ActiveCfg = Release|x86
		{4654F58A-400C-4D47-9DC9-9FCA153554D3}.Release|x86.Build.0 = Release|x86
		{AAD6B1D6-F529-40F8-9786-DC8E2FDF0AD6}.Debug|Any CPU.ActiveCfg = Debug|Any CPU
		{AAD6B1D6-F529-40F8-9786-DC8E2FDF0AD6}.Debug|Any CPU.Build.0 = Debug|Any CPU
		{AAD6B1D6-F529-40F8-9786-DC8E2FDF0AD6}.Debug|Mixed.ActiveCfg = Debug|Any CPU
		{AAD6B1D6-F529-40F8-9786-DC8E2FDF0AD6}.Debug|Mixed.Build.0 = Debug|Any CPU
		{AAD6B1D6-F529-40F8-9786-DC8E2FDF0AD6}.Debug|Mixed Platforms.ActiveCfg = Debug|Any CPU
		{AAD6B1D6-F529-40F8-9786-DC8E2FDF0AD6}.Debug|Mixed Platforms.Build.0 = Debug|Any CPU
		{AAD6B1D6-F529-40F8-9786-DC8E2FDF0AD6}.Debug|x86.ActiveCfg = Debug|x86
		{AAD6B1D6-F529-40F8-9786-DC8E2FDF0AD6}.Debug|x86.Build.0 = Debug|x86
		{AAD6B1D6-F529-40F8-9786-DC8E2FDF0AD6}.Release|Any CPU.ActiveCfg = Release|Any CPU
		{AAD6B1D6-F529-40F8-9786-DC8E2FDF0AD6}.Release|Any CPU.Build.0 = Release|Any CPU
		{AAD6B1D6-F529-40F8-9786-DC8E2FDF0AD6}.Release|Mixed.ActiveCfg = Release|Any CPU
		{AAD6B1D6-F529-40F8-9786-DC8E2FDF0AD6}.Release|Mixed Platforms.ActiveCfg = Release|Any CPU
		{AAD6B1D6-F529-40F8-9786-DC8E2FDF0AD6}.Release|Mixed Platforms.Build.0 = Release|Any CPU
		{AAD6B1D6-F529-40F8-9786-DC8E2FDF0AD6}.Release|x86.ActiveCfg = Release|x86
		{AAD6B1D6-F529-40F8-9786-DC8E2FDF0AD6}.Release|x86.Build.0 = Release|x86
		{9584C00E-7FE9-428A-9770-0A8AF6969B68}.Debug|Any CPU.ActiveCfg = Debug|Any CPU
		{9584C00E-7FE9-428A-9770-0A8AF6969B68}.Debug|Any CPU.Build.0 = Debug|Any CPU
		{9584C00E-7FE9-428A-9770-0A8AF6969B68}.Debug|Mixed.ActiveCfg = Debug|Any CPU
		{9584C00E-7FE9-428A-9770-0A8AF6969B68}.Debug|Mixed.Build.0 = Debug|Any CPU
		{9584C00E-7FE9-428A-9770-0A8AF6969B68}.Debug|Mixed Platforms.ActiveCfg = Debug|Any CPU
		{9584C00E-7FE9-428A-9770-0A8AF6969B68}.Debug|Mixed Platforms.Build.0 = Debug|Any CPU
		{9584C00E-7FE9-428A-9770-0A8AF6969B68}.Debug|x86.ActiveCfg = Debug|x86
		{9584C00E-7FE9-428A-9770-0A8AF6969B68}.Debug|x86.Build.0 = Debug|x86
		{9584C00E-7FE9-428A-9770-0A8AF6969B68}.Release|Any CPU.ActiveCfg = Release|Any CPU
		{9584C00E-7FE9-428A-9770-0A8AF6969B68}.Release|Any CPU.Build.0 = Release|Any CPU
		{9584C00E-7FE9-428A-9770-0A8AF6969B68}.Release|Mixed.ActiveCfg = Release|Any CPU
		{9584C00E-7FE9-428A-9770-0A8AF6969B68}.Release|Mixed Platforms.ActiveCfg = Release|Any CPU
		{9584C00E-7FE9-428A-9770-0A8AF6969B68}.Release|Mixed Platforms.Build.0 = Release|Any CPU
		{9584C00E-7FE9-428A-9770-0A8AF6969B68}.Release|x86.ActiveCfg = Release|x86
		{9584C00E-7FE9-428A-9770-0A8AF6969B68}.Release|x86.Build.0 = Release|x86
		{99941EFE-69B0-4618-B130-6D6FC1B43EB3}.Debug|Any CPU.ActiveCfg = Debug|Any CPU
		{99941EFE-69B0-4618-B130-6D6FC1B43EB3}.Debug|Any CPU.Build.0 = Debug|Any CPU
		{99941EFE-69B0-4618-B130-6D6FC1B43EB3}.Debug|Mixed.ActiveCfg = Debug|Any CPU
		{99941EFE-69B0-4618-B130-6D6FC1B43EB3}.Debug|Mixed.Build.0 = Debug|Any CPU
		{99941EFE-69B0-4618-B130-6D6FC1B43EB3}.Debug|Mixed Platforms.ActiveCfg = Debug|Any CPU
		{99941EFE-69B0-4618-B130-6D6FC1B43EB3}.Debug|Mixed Platforms.Build.0 = Debug|Any CPU
		{99941EFE-69B0-4618-B130-6D6FC1B43EB3}.Debug|x86.ActiveCfg = Debug|x86
		{99941EFE-69B0-4618-B130-6D6FC1B43EB3}.Debug|x86.Build.0 = Debug|x86
		{99941EFE-69B0-4618-B130-6D6FC1B43EB3}.Release|Any CPU.ActiveCfg = Release|Any CPU
		{99941EFE-69B0-4618-B130-6D6FC1B43EB3}.Release|Any CPU.Build.0 = Release|Any CPU
		{99941EFE-69B0-4618-B130-6D6FC1B43EB3}.Release|Mixed.ActiveCfg = Release|Any CPU
		{99941EFE-69B0-4618-B130-6D6FC1B43EB3}.Release|Mixed Platforms.ActiveCfg = Release|Any CPU
		{99941EFE-69B0-4618-B130-6D6FC1B43EB3}.Release|Mixed Platforms.Build.0 = Release|Any CPU
		{99941EFE-69B0-4618-B130-6D6FC1B43EB3}.Release|x86.ActiveCfg = Release|Any CPU
	EndGlobalSection
	GlobalSection(SolutionProperties) = preSolution
		HideSolutionNode = FALSE
	EndGlobalSection
	GlobalSection(NestedProjects) = preSolution
		{4654F58A-400C-4D47-9DC9-9FCA153554D3} = {C7A9E1F8-38FD-4268-BFC5-473CF16471D8}
		{AAD6B1D6-F529-40F8-9786-DC8E2FDF0AD6} = {C7A9E1F8-38FD-4268-BFC5-473CF16471D8}
		{99941EFE-69B0-4618-B130-6D6FC1B43EB3} = {C7A9E1F8-38FD-4268-BFC5-473CF16471D8}
		{9584C00E-7FE9-428A-9770-0A8AF6969B68} = {2D26ECAB-01CB-4A96-B34C-EA616F547227}
		{A02BE1B0-4071-4FCE-AF68-EA3A0A679DA1} = {39FEC70F-8F35-4A04-B770-59F12A0CE83F}
		{6C55B776-26D4-4DB3-A6AB-87E783B2F3D1} = {39FEC70F-8F35-4A04-B770-59F12A0CE83F}
		{0E69BE38-78C0-4662-A0E1-56C5913B5C3A} = {39FEC70F-8F35-4A04-B770-59F12A0CE83F}
		{957A91E6-91DD-4C13-B1D1-F06D66EC6D55} = {39FEC70F-8F35-4A04-B770-59F12A0CE83F}
		{8D6363BB-DDEE-48A9-9D33-4BC412434428} = {39FEC70F-8F35-4A04-B770-59F12A0CE83F}
		{D96F59C4-A727-47D9-84AD-508B04DF2714} = {39FEC70F-8F35-4A04-B770-59F12A0CE83F}
	EndGlobalSection
EndGlobal
