Microsoft Visual Studio Solution File, Format Version 12.00
# Visual Studio Express 2012 for Windows Desktop
Project("{2150E333-8FDC-42A3-9474-1A3956D46DE8}") = "Binaries", "Binaries", "{E3D8DFD4-4299-4FE0-9BE8-0CB41F189489}"
	ProjectSection(SolutionItems) = preProject
		02_Libs\00_bin\log4net.dll = 02_Libs\00_bin\log4net.dll
		02_Libs\00_bin\log4net.xml = 02_Libs\00_bin\log4net.xml
		02_Libs\00_bin\MsgBox\MsgBox.dll = 02_Libs\00_bin\MsgBox\MsgBox.dll
		02_Libs\00_bin\NumericUpDownLib.dll = 02_Libs\00_bin\NumericUpDownLib.dll
		02_Libs\00_bin\NumericUpDownLib.xml = 02_Libs\00_bin\NumericUpDownLib.xml
		02_Libs\00_bin\UnitComboLib.dll = 02_Libs\00_bin\UnitComboLib.dll
		02_Libs\00_bin\UnitComboLib.xml = 02_Libs\00_bin\UnitComboLib.xml
		02_Libs\00_bin\MsgBox\UserNotification.dll = 02_Libs\00_bin\MsgBox\UserNotification.dll
		02_Libs\00_bin\MsgBox\UserNotification.xml = 02_Libs\00_bin\MsgBox\UserNotification.xml
	EndProjectSection
EndProject
Project("{2150E333-8FDC-42A3-9474-1A3956D46DE8}") = "File ListView", "File ListView", "{C7A9E1F8-38FD-4268-BFC5-473CF16471D9}"
EndProject
Project("{2150E333-8FDC-42A3-9474-1A3956D46DE8}") = "UML Application", "UML Application", "{C7A9E1F8-38FD-4268-BFC5-473CF16471D8}"
EndProject
Project("{2150E333-8FDC-42A3-9474-1A3956D46DE8}") = "UML Plugins", "UML Plugins", "{2D26ECAB-01CB-4A96-B34C-EA616F547227}"
EndProject
Project("{2150E333-8FDC-42A3-9474-1A3956D46DE8}") = "Edi", "Edi", "{39FEC70F-8F35-4A04-B770-59F12A0CE83F}"
EndProject
Project("{FAE04EC0-301F-11D3-BF4B-00C04F79EFBC}") = "Edi", "Edi\Edi.csproj", "{A02BE1B0-4071-4FCE-AF68-EA3A0A679DA1}"
EndProject
Project("{FAE04EC0-301F-11D3-BF4B-00C04F79EFBC}") = "ICSharpCode.AvalonEdit", "ICSharpCode.AvalonEdit\ICSharpCode.AvalonEdit.csproj", "{6C55B776-26D4-4DB3-A6AB-87E783B2F3D1}"
EndProject
Project("{FAE04EC0-301F-11D3-BF4B-00C04F79EFBC}") = "SimpleControls", "SimpleControls\SimpleControls.csproj", "{0E69BE38-78C0-4662-A0E1-56C5913B5C3A}"
EndProject
Project("{FAE04EC0-301F-11D3-BF4B-00C04F79EFBC}") = "Themes", "Themes\Themes.csproj", "{957A91E6-91DD-4C13-B1D1-F06D66EC6D55}"
EndProject
Project("{FAE04EC0-301F-11D3-BF4B-00C04F79EFBC}") = "EdiViews", "EdiViews\EdiViews.csproj", "{8D6363BB-DDEE-48A9-9D33-4BC412434428}"
EndProject
Project("{FAE04EC0-301F-11D3-BF4B-00C04F79EFBC}") = "Util", "Util\Util.csproj", "{D96F59C4-A727-47D9-84AD-508B04DF2714}"
EndProject
Project("{FAE04EC0-301F-11D3-BF4B-00C04F79EFBC}") = "MiniUML.Model", "MiniUML\MiniUML.Model\MiniUML.Model.csproj", "{4654F58A-400C-4D47-9DC9-9FCA153554D3}"
EndProject
Project("{FAE04EC0-301F-11D3-BF4B-00C04F79EFBC}") = "MiniUML.View", "MiniUML\MiniUML.View\MiniUML.View.csproj", "{AAD6B1D6-F529-40F8-9786-DC8E2FDF0AD6}"
EndProject
Project("{FAE04EC0-301F-11D3-BF4B-00C04F79EFBC}") = "MiniUML.Plugins.UmlClassDiagram", "MiniUML\Plugins\src\MiniUML.Plugins.UmlClassDiagram\MiniUML.Plugins.UmlClassDiagram.csproj", "{9584C00E-7FE9-428A-9770-0A8AF6969B68}"
EndProject
Project("{FAE04EC0-301F-11D3-BF4B-00C04F79EFBC}") = "MiniUML.Framework", "MiniUML\MiniUML.Framework\MiniUML.Framework.csproj", "{99941EFE-69B0-4618-B130-6D6FC1B43EB3}"
EndProject
Project("{FAE04EC0-301F-11D3-BF4B-00C04F79EFBC}") = "Settings", "Settings\Settings.csproj", "{2807B493-CC2E-402E-901A-EB138698FEDC}"
EndProject
Project("{FAE04EC0-301F-11D3-BF4B-00C04F79EFBC}") = "FileListView", "FileListView\FileListView\FileListView.csproj", "{735CF8EC-A4EF-49A2-BC72-EC360A0185A4}"
EndProject
Project("{FAE04EC0-301F-11D3-BF4B-00C04F79EFBC}") = "FileListViewTest", "FileListView\FileListViewTest\FileListViewTest.csproj", "{4670B970-4B36-42B3-BC50-A196C6A07A51}"
EndProject
Project("{FAE04EC0-301F-11D3-BF4B-00C04F79EFBC}") = "FolderBrowser", "FileListView\FolderBrowser\FolderBrowser\FolderBrowser.csproj", "{0B8C3B19-940D-408D-9F6B-4AFEE7246642}"
EndProject
Project("{FAE04EC0-301F-11D3-BF4B-00C04F79EFBC}") = "TestFolderBrowser", "FileListView\FolderBrowser\TestFolderBrowser\TestFolderBrowser.csproj", "{64E41F31-9C24-4274-93F1-86DF41EB4D83}"
EndProject
Project("{FAE04EC0-301F-11D3-BF4B-00C04F79EFBC}") = "FileSystemModels", "FileListView\FileSystemModels\FileSystemModels.csproj", "{C3EB23FD-78E7-4298-922C-48C254551CC9}"
EndProject
Global
	GlobalSection(SolutionConfigurationPlatforms) = preSolution
		Debug|Any CPU = Debug|Any CPU
		Debug|Mixed = Debug|Mixed
		Debug|Mixed Platforms = Debug|Mixed Platforms
		Debug|x86 = Debug|x86
		Release|Any CPU = Release|Any CPU
		Release|Mixed = Release|Mixed
		Release|Mixed Platforms = Release|Mixed Platforms
		Release|x86 = Release|x86
	EndGlobalSection
	GlobalSection(ProjectConfigurationPlatforms) = postSolution
		{A02BE1B0-4071-4FCE-AF68-EA3A0A679DA1}.Debug|Any CPU.ActiveCfg = Debug|Any CPU
		{A02BE1B0-4071-4FCE-AF68-EA3A0A679DA1}.Debug|Any CPU.Build.0 = Debug|Any CPU
		{A02BE1B0-4071-4FCE-AF68-EA3A0A679DA1}.Debug|Mixed.ActiveCfg = Debug|x86
		{A02BE1B0-4071-4FCE-AF68-EA3A0A679DA1}.Debug|Mixed.Build.0 = Debug|x86
		{A02BE1B0-4071-4FCE-AF68-EA3A0A679DA1}.Debug|Mixed Platforms.ActiveCfg = Debug|x86
		{A02BE1B0-4071-4FCE-AF68-EA3A0A679DA1}.Debug|Mixed Platforms.Build.0 = Debug|x86
		{A02BE1B0-4071-4FCE-AF68-EA3A0A679DA1}.Debug|x86.ActiveCfg = Debug|x86
		{A02BE1B0-4071-4FCE-AF68-EA3A0A679DA1}.Debug|x86.Build.0 = Debug|x86
		{A02BE1B0-4071-4FCE-AF68-EA3A0A679DA1}.Release|Any CPU.ActiveCfg = Release|Any CPU
		{A02BE1B0-4071-4FCE-AF68-EA3A0A679DA1}.Release|Any CPU.Build.0 = Release|Any CPU
		{A02BE1B0-4071-4FCE-AF68-EA3A0A679DA1}.Release|Mixed.ActiveCfg = Release|Any CPU
		{A02BE1B0-4071-4FCE-AF68-EA3A0A679DA1}.Release|Mixed Platforms.ActiveCfg = Release|x86
		{A02BE1B0-4071-4FCE-AF68-EA3A0A679DA1}.Release|Mixed Platforms.Build.0 = Release|x86
		{A02BE1B0-4071-4FCE-AF68-EA3A0A679DA1}.Release|x86.ActiveCfg = Release|x86
		{A02BE1B0-4071-4FCE-AF68-EA3A0A679DA1}.Release|x86.Build.0 = Release|x86
		{6C55B776-26D4-4DB3-A6AB-87E783B2F3D1}.Debug|Any CPU.ActiveCfg = Debug|Any CPU
		{6C55B776-26D4-4DB3-A6AB-87E783B2F3D1}.Debug|Any CPU.Build.0 = Debug|Any CPU
		{6C55B776-26D4-4DB3-A6AB-87E783B2F3D1}.Debug|Mixed.ActiveCfg = Debug|Any CPU
		{6C55B776-26D4-4DB3-A6AB-87E783B2F3D1}.Debug|Mixed.Build.0 = Debug|Any CPU
		{6C55B776-26D4-4DB3-A6AB-87E783B2F3D1}.Debug|Mixed Platforms.ActiveCfg = Debug|Any CPU
		{6C55B776-26D4-4DB3-A6AB-87E783B2F3D1}.Debug|Mixed Platforms.Build.0 = Debug|Any CPU
		{6C55B776-26D4-4DB3-A6AB-87E783B2F3D1}.Debug|x86.ActiveCfg = Debug|x86
		{6C55B776-26D4-4DB3-A6AB-87E783B2F3D1}.Debug|x86.Build.0 = Debug|x86
		{6C55B776-26D4-4DB3-A6AB-87E783B2F3D1}.Release|Any CPU.ActiveCfg = Release|Any CPU
		{6C55B776-26D4-4DB3-A6AB-87E783B2F3D1}.Release|Any CPU.Build.0 = Release|Any CPU
		{6C55B776-26D4-4DB3-A6AB-87E783B2F3D1}.Release|Mixed.ActiveCfg = Release|Any CPU
		{6C55B776-26D4-4DB3-A6AB-87E783B2F3D1}.Release|Mixed Platforms.ActiveCfg = Release|Any CPU
		{6C55B776-26D4-4DB3-A6AB-87E783B2F3D1}.Release|Mixed Platforms.Build.0 = Release|Any CPU
		{6C55B776-26D4-4DB3-A6AB-87E783B2F3D1}.Release|x86.ActiveCfg = Release|Any CPU
		{0E69BE38-78C0-4662-A0E1-56C5913B5C3A}.Debug|Any CPU.ActiveCfg = Debug|Any CPU
		{0E69BE38-78C0-4662-A0E1-56C5913B5C3A}.Debug|Any CPU.Build.0 = Debug|Any CPU
		{0E69BE38-78C0-4662-A0E1-56C5913B5C3A}.Debug|Mixed.ActiveCfg = Debug|Any CPU
		{0E69BE38-78C0-4662-A0E1-56C5913B5C3A}.Debug|Mixed.Build.0 = Debug|Any CPU
		{0E69BE38-78C0-4662-A0E1-56C5913B5C3A}.Debug|Mixed Platforms.ActiveCfg = Debug|Any CPU
		{0E69BE38-78C0-4662-A0E1-56C5913B5C3A}.Debug|Mixed Platforms.Build.0 = Debug|Any CPU
		{0E69BE38-78C0-4662-A0E1-56C5913B5C3A}.Debug|x86.ActiveCfg = Debug|x86
		{0E69BE38-78C0-4662-A0E1-56C5913B5C3A}.Debug|x86.Build.0 = Debug|x86
		{0E69BE38-78C0-4662-A0E1-56C5913B5C3A}.Release|Any CPU.ActiveCfg = Release|Any CPU
		{0E69BE38-78C0-4662-A0E1-56C5913B5C3A}.Release|Any CPU.Build.0 = Release|Any CPU
		{0E69BE38-78C0-4662-A0E1-56C5913B5C3A}.Release|Mixed.ActiveCfg = Release|Any CPU
		{0E69BE38-78C0-4662-A0E1-56C5913B5C3A}.Release|Mixed Platforms.ActiveCfg = Release|Any CPU
		{0E69BE38-78C0-4662-A0E1-56C5913B5C3A}.Release|Mixed Platforms.Build.0 = Release|Any CPU
		{0E69BE38-78C0-4662-A0E1-56C5913B5C3A}.Release|x86.ActiveCfg = Release|Any CPU
		{957A91E6-91DD-4C13-B1D1-F06D66EC6D55}.Debug|Any CPU.ActiveCfg = Debug|Any CPU
		{957A91E6-91DD-4C13-B1D1-F06D66EC6D55}.Debug|Any CPU.Build.0 = Debug|Any CPU
		{957A91E6-91DD-4C13-B1D1-F06D66EC6D55}.Debug|Mixed.ActiveCfg = Debug|Any CPU
		{957A91E6-91DD-4C13-B1D1-F06D66EC6D55}.Debug|Mixed.Build.0 = Debug|Any CPU
		{957A91E6-91DD-4C13-B1D1-F06D66EC6D55}.Debug|Mixed Platforms.ActiveCfg = Debug|Any CPU
		{957A91E6-91DD-4C13-B1D1-F06D66EC6D55}.Debug|Mixed Platforms.Build.0 = Debug|Any CPU
		{957A91E6-91DD-4C13-B1D1-F06D66EC6D55}.Debug|x86.ActiveCfg = Debug|x86
		{957A91E6-91DD-4C13-B1D1-F06D66EC6D55}.Debug|x86.Build.0 = Debug|x86
		{957A91E6-91DD-4C13-B1D1-F06D66EC6D55}.Release|Any CPU.ActiveCfg = Release|Any CPU
		{957A91E6-91DD-4C13-B1D1-F06D66EC6D55}.Release|Any CPU.Build.0 = Release|Any CPU
		{957A91E6-91DD-4C13-B1D1-F06D66EC6D55}.Release|Mixed.ActiveCfg = Release|Any CPU
		{957A91E6-91DD-4C13-B1D1-F06D66EC6D55}.Release|Mixed Platforms.ActiveCfg = Release|Any CPU
		{957A91E6-91DD-4C13-B1D1-F06D66EC6D55}.Release|Mixed Platforms.Build.0 = Release|Any CPU
		{957A91E6-91DD-4C13-B1D1-F06D66EC6D55}.Release|x86.ActiveCfg = Release|Any CPU
		{8D6363BB-DDEE-48A9-9D33-4BC412434428}.Debug|Any CPU.ActiveCfg = Debug|Any CPU
		{8D6363BB-DDEE-48A9-9D33-4BC412434428}.Debug|Any CPU.Build.0 = Debug|Any CPU
		{8D6363BB-DDEE-48A9-9D33-4BC412434428}.Debug|Mixed.ActiveCfg = Debug|Any CPU
		{8D6363BB-DDEE-48A9-9D33-4BC412434428}.Debug|Mixed.Build.0 = Debug|Any CPU
		{8D6363BB-DDEE-48A9-9D33-4BC412434428}.Debug|Mixed Platforms.ActiveCfg = Debug|Any CPU
		{8D6363BB-DDEE-48A9-9D33-4BC412434428}.Debug|Mixed Platforms.Build.0 = Debug|Any CPU
		{8D6363BB-DDEE-48A9-9D33-4BC412434428}.Debug|x86.ActiveCfg = Debug|x86
		{8D6363BB-DDEE-48A9-9D33-4BC412434428}.Debug|x86.Build.0 = Debug|x86
		{8D6363BB-DDEE-48A9-9D33-4BC412434428}.Release|Any CPU.ActiveCfg = Release|Any CPU
		{8D6363BB-DDEE-48A9-9D33-4BC412434428}.Release|Any CPU.Build.0 = Release|Any CPU
		{8D6363BB-DDEE-48A9-9D33-4BC412434428}.Release|Mixed.ActiveCfg = Release|Any CPU
		{8D6363BB-DDEE-48A9-9D33-4BC412434428}.Release|Mixed Platforms.ActiveCfg = Release|Any CPU
		{8D6363BB-DDEE-48A9-9D33-4BC412434428}.Release|Mixed Platforms.Build.0 = Release|Any CPU
		{8D6363BB-DDEE-48A9-9D33-4BC412434428}.Release|x86.ActiveCfg = Release|Any CPU
		{D96F59C4-A727-47D9-84AD-508B04DF2714}.Debug|Any CPU.ActiveCfg = Debug|Any CPU
		{D96F59C4-A727-47D9-84AD-508B04DF2714}.Debug|Any CPU.Build.0 = Debug|Any CPU
		{D96F59C4-A727-47D9-84AD-508B04DF2714}.Debug|Mixed.ActiveCfg = Debug|Any CPU
		{D96F59C4-A727-47D9-84AD-508B04DF2714}.Debug|Mixed.Build.0 = Debug|Any CPU
		{D96F59C4-A727-47D9-84AD-508B04DF2714}.Debug|Mixed Platforms.ActiveCfg = Debug|Any CPU
		{D96F59C4-A727-47D9-84AD-508B04DF2714}.Debug|Mixed Platforms.Build.0 = Debug|Any CPU
		{D96F59C4-A727-47D9-84AD-508B04DF2714}.Debug|x86.ActiveCfg = Debug|x86
		{D96F59C4-A727-47D9-84AD-508B04DF2714}.Debug|x86.Build.0 = Debug|x86
		{D96F59C4-A727-47D9-84AD-508B04DF2714}.Release|Any CPU.ActiveCfg = Release|Any CPU
		{D96F59C4-A727-47D9-84AD-508B04DF2714}.Release|Any CPU.Build.0 = Release|Any CPU
		{D96F59C4-A727-47D9-84AD-508B04DF2714}.Release|Mixed.ActiveCfg = Release|Any CPU
		{D96F59C4-A727-47D9-84AD-508B04DF2714}.Release|Mixed Platforms.ActiveCfg = Release|Any CPU
		{D96F59C4-A727-47D9-84AD-508B04DF2714}.Release|Mixed Platforms.Build.0 = Release|Any CPU
		{D96F59C4-A727-47D9-84AD-508B04DF2714}.Release|x86.ActiveCfg = Release|Any CPU
		{4654F58A-400C-4D47-9DC9-9FCA153554D3}.Debug|Any CPU.ActiveCfg = Debug|Any CPU
		{4654F58A-400C-4D47-9DC9-9FCA153554D3}.Debug|Any CPU.Build.0 = Debug|Any CPU
		{4654F58A-400C-4D47-9DC9-9FCA153554D3}.Debug|Mixed.ActiveCfg = Debug|Any CPU
		{4654F58A-400C-4D47-9DC9-9FCA153554D3}.Debug|Mixed.Build.0 = Debug|Any CPU
		{4654F58A-400C-4D47-9DC9-9FCA153554D3}.Debug|Mixed Platforms.ActiveCfg = Debug|Any CPU
		{4654F58A-400C-4D47-9DC9-9FCA153554D3}.Debug|Mixed Platforms.Build.0 = Debug|Any CPU
		{4654F58A-400C-4D47-9DC9-9FCA153554D3}.Debug|x86.ActiveCfg = Debug|x86
		{4654F58A-400C-4D47-9DC9-9FCA153554D3}.Debug|x86.Build.0 = Debug|x86
		{4654F58A-400C-4D47-9DC9-9FCA153554D3}.Release|Any CPU.ActiveCfg = Release|Any CPU
		{4654F58A-400C-4D47-9DC9-9FCA153554D3}.Release|Any CPU.Build.0 = Release|Any CPU
		{4654F58A-400C-4D47-9DC9-9FCA153554D3}.Release|Mixed.ActiveCfg = Release|Any CPU
		{4654F58A-400C-4D47-9DC9-9FCA153554D3}.Release|Mixed Platforms.ActiveCfg = Release|Any CPU
		{4654F58A-400C-4D47-9DC9-9FCA153554D3}.Release|Mixed Platforms.Build.0 = Release|Any CPU
		{4654F58A-400C-4D47-9DC9-9FCA153554D3}.Release|x86.ActiveCfg = Release|x86
		{4654F58A-400C-4D47-9DC9-9FCA153554D3}.Release|x86.Build.0 = Release|x86
		{AAD6B1D6-F529-40F8-9786-DC8E2FDF0AD6}.Debug|Any CPU.ActiveCfg = Debug|Any CPU
		{AAD6B1D6-F529-40F8-9786-DC8E2FDF0AD6}.Debug|Any CPU.Build.0 = Debug|Any CPU
		{AAD6B1D6-F529-40F8-9786-DC8E2FDF0AD6}.Debug|Mixed.ActiveCfg = Debug|Any CPU
		{AAD6B1D6-F529-40F8-9786-DC8E2FDF0AD6}.Debug|Mixed.Build.0 = Debug|Any CPU
		{AAD6B1D6-F529-40F8-9786-DC8E2FDF0AD6}.Debug|Mixed Platforms.ActiveCfg = Debug|Any CPU
		{AAD6B1D6-F529-40F8-9786-DC8E2FDF0AD6}.Debug|Mixed Platforms.Build.0 = Debug|Any CPU
		{AAD6B1D6-F529-40F8-9786-DC8E2FDF0AD6}.Debug|x86.ActiveCfg = Debug|x86
		{AAD6B1D6-F529-40F8-9786-DC8E2FDF0AD6}.Debug|x86.Build.0 = Debug|x86
		{AAD6B1D6-F529-40F8-9786-DC8E2FDF0AD6}.Release|Any CPU.ActiveCfg = Release|Any CPU
		{AAD6B1D6-F529-40F8-9786-DC8E2FDF0AD6}.Release|Any CPU.Build.0 = Release|Any CPU
		{AAD6B1D6-F529-40F8-9786-DC8E2FDF0AD6}.Release|Mixed.ActiveCfg = Release|Any CPU
		{AAD6B1D6-F529-40F8-9786-DC8E2FDF0AD6}.Release|Mixed Platforms.ActiveCfg = Release|Any CPU
		{AAD6B1D6-F529-40F8-9786-DC8E2FDF0AD6}.Release|Mixed Platforms.Build.0 = Release|Any CPU
		{AAD6B1D6-F529-40F8-9786-DC8E2FDF0AD6}.Release|x86.ActiveCfg = Release|x86
		{AAD6B1D6-F529-40F8-9786-DC8E2FDF0AD6}.Release|x86.Build.0 = Release|x86
		{9584C00E-7FE9-428A-9770-0A8AF6969B68}.Debug|Any CPU.ActiveCfg = Debug|Any CPU
		{9584C00E-7FE9-428A-9770-0A8AF6969B68}.Debug|Any CPU.Build.0 = Debug|Any CPU
		{9584C00E-7FE9-428A-9770-0A8AF6969B68}.Debug|Mixed.ActiveCfg = Debug|Any CPU
		{9584C00E-7FE9-428A-9770-0A8AF6969B68}.Debug|Mixed.Build.0 = Debug|Any CPU
		{9584C00E-7FE9-428A-9770-0A8AF6969B68}.Debug|Mixed Platforms.ActiveCfg = Debug|Any CPU
		{9584C00E-7FE9-428A-9770-0A8AF6969B68}.Debug|Mixed Platforms.Build.0 = Debug|Any CPU
		{9584C00E-7FE9-428A-9770-0A8AF6969B68}.Debug|x86.ActiveCfg = Debug|x86
		{9584C00E-7FE9-428A-9770-0A8AF6969B68}.Debug|x86.Build.0 = Debug|x86
		{9584C00E-7FE9-428A-9770-0A8AF6969B68}.Release|Any CPU.ActiveCfg = Release|Any CPU
		{9584C00E-7FE9-428A-9770-0A8AF6969B68}.Release|Any CPU.Build.0 = Release|Any CPU
		{9584C00E-7FE9-428A-9770-0A8AF6969B68}.Release|Mixed.ActiveCfg = Release|Any CPU
		{9584C00E-7FE9-428A-9770-0A8AF6969B68}.Release|Mixed Platforms.ActiveCfg = Release|Any CPU
		{9584C00E-7FE9-428A-9770-0A8AF6969B68}.Release|Mixed Platforms.Build.0 = Release|Any CPU
		{9584C00E-7FE9-428A-9770-0A8AF6969B68}.Release|x86.ActiveCfg = Release|x86
		{9584C00E-7FE9-428A-9770-0A8AF6969B68}.Release|x86.Build.0 = Release|x86
		{99941EFE-69B0-4618-B130-6D6FC1B43EB3}.Debug|Any CPU.ActiveCfg = Debug|Any CPU
		{99941EFE-69B0-4618-B130-6D6FC1B43EB3}.Debug|Any CPU.Build.0 = Debug|Any CPU
		{99941EFE-69B0-4618-B130-6D6FC1B43EB3}.Debug|Mixed.ActiveCfg = Debug|Any CPU
		{99941EFE-69B0-4618-B130-6D6FC1B43EB3}.Debug|Mixed.Build.0 = Debug|Any CPU
		{99941EFE-69B0-4618-B130-6D6FC1B43EB3}.Debug|Mixed Platforms.ActiveCfg = Debug|Any CPU
		{99941EFE-69B0-4618-B130-6D6FC1B43EB3}.Debug|Mixed Platforms.Build.0 = Debug|Any CPU
		{99941EFE-69B0-4618-B130-6D6FC1B43EB3}.Debug|x86.ActiveCfg = Debug|x86
		{99941EFE-69B0-4618-B130-6D6FC1B43EB3}.Debug|x86.Build.0 = Debug|x86
		{99941EFE-69B0-4618-B130-6D6FC1B43EB3}.Release|Any CPU.ActiveCfg = Release|Any CPU
		{99941EFE-69B0-4618-B130-6D6FC1B43EB3}.Release|Any CPU.Build.0 = Release|Any CPU
		{99941EFE-69B0-4618-B130-6D6FC1B43EB3}.Release|Mixed.ActiveCfg = Release|Any CPU
		{99941EFE-69B0-4618-B130-6D6FC1B43EB3}.Release|Mixed Platforms.ActiveCfg = Release|Any CPU
		{99941EFE-69B0-4618-B130-6D6FC1B43EB3}.Release|Mixed Platforms.Build.0 = Release|Any CPU
		{99941EFE-69B0-4618-B130-6D6FC1B43EB3}.Release|x86.ActiveCfg = Release|Any CPU
		{2807B493-CC2E-402E-901A-EB138698FEDC}.Debug|Any CPU.ActiveCfg = Debug|Any CPU
		{2807B493-CC2E-402E-901A-EB138698FEDC}.Debug|Any CPU.Build.0 = Debug|Any CPU
		{2807B493-CC2E-402E-901A-EB138698FEDC}.Debug|Mixed.ActiveCfg = Debug|Any CPU
		{2807B493-CC2E-402E-901A-EB138698FEDC}.Debug|Mixed.Build.0 = Debug|Any CPU
		{2807B493-CC2E-402E-901A-EB138698FEDC}.Debug|Mixed Platforms.ActiveCfg = Debug|Any CPU
		{2807B493-CC2E-402E-901A-EB138698FEDC}.Debug|Mixed Platforms.Build.0 = Debug|Any CPU
		{2807B493-CC2E-402E-901A-EB138698FEDC}.Debug|x86.ActiveCfg = Debug|Any CPU
		{2807B493-CC2E-402E-901A-EB138698FEDC}.Release|Any CPU.ActiveCfg = Release|Any CPU
		{2807B493-CC2E-402E-901A-EB138698FEDC}.Release|Any CPU.Build.0 = Release|Any CPU
		{2807B493-CC2E-402E-901A-EB138698FEDC}.Release|Mixed.ActiveCfg = Release|Any CPU
		{2807B493-CC2E-402E-901A-EB138698FEDC}.Release|Mixed Platforms.ActiveCfg = Release|Any CPU
		{2807B493-CC2E-402E-901A-EB138698FEDC}.Release|Mixed Platforms.Build.0 = Release|Any CPU
		{2807B493-CC2E-402E-901A-EB138698FEDC}.Release|x86.ActiveCfg = Release|Any CPU
		{735CF8EC-A4EF-49A2-BC72-EC360A0185A4}.Debug|Any CPU.ActiveCfg = Debug|Any CPU
		{735CF8EC-A4EF-49A2-BC72-EC360A0185A4}.Debug|Any CPU.Build.0 = Debug|Any CPU
		{735CF8EC-A4EF-49A2-BC72-EC360A0185A4}.Debug|Mixed.ActiveCfg = Debug|Any CPU
		{735CF8EC-A4EF-49A2-BC72-EC360A0185A4}.Debug|Mixed Platforms.ActiveCfg = Debug|Any CPU
		{735CF8EC-A4EF-49A2-BC72-EC360A0185A4}.Debug|Mixed Platforms.Build.0 = Debug|Any CPU
		{735CF8EC-A4EF-49A2-BC72-EC360A0185A4}.Debug|x86.ActiveCfg = Debug|Any CPU
		{735CF8EC-A4EF-49A2-BC72-EC360A0185A4}.Release|Any CPU.ActiveCfg = Release|Any CPU
		{735CF8EC-A4EF-49A2-BC72-EC360A0185A4}.Release|Any CPU.Build.0 = Release|Any CPU
		{735CF8EC-A4EF-49A2-BC72-EC360A0185A4}.Release|Mixed.ActiveCfg = Release|Any CPU
		{735CF8EC-A4EF-49A2-BC72-EC360A0185A4}.Release|Mixed Platforms.ActiveCfg = Release|Any CPU
		{735CF8EC-A4EF-49A2-BC72-EC360A0185A4}.Release|Mixed Platforms.Build.0 = Release|Any CPU
		{735CF8EC-A4EF-49A2-BC72-EC360A0185A4}.Release|x86.ActiveCfg = Release|Any CPU
		{4670B970-4B36-42B3-BC50-A196C6A07A51}.Debug|Any CPU.ActiveCfg = Debug|Any CPU
		{4670B970-4B36-42B3-BC50-A196C6A07A51}.Debug|Any CPU.Build.0 = Debug|Any CPU
		{4670B970-4B36-42B3-BC50-A196C6A07A51}.Debug|Mixed.ActiveCfg = Debug|Any CPU
		{4670B970-4B36-42B3-BC50-A196C6A07A51}.Debug|Mixed Platforms.ActiveCfg = Debug|x86
		{4670B970-4B36-42B3-BC50-A196C6A07A51}.Debug|Mixed Platforms.Build.0 = Debug|x86
		{4670B970-4B36-42B3-BC50-A196C6A07A51}.Debug|x86.ActiveCfg = Debug|Any CPU
		{4670B970-4B36-42B3-BC50-A196C6A07A51}.Release|Any CPU.ActiveCfg = Release|Any CPU
		{4670B970-4B36-42B3-BC50-A196C6A07A51}.Release|Any CPU.Build.0 = Release|Any CPU
		{4670B970-4B36-42B3-BC50-A196C6A07A51}.Release|Mixed.ActiveCfg = Release|Any CPU
		{4670B970-4B36-42B3-BC50-A196C6A07A51}.Release|Mixed Platforms.ActiveCfg = Release|Any CPU
		{4670B970-4B36-42B3-BC50-A196C6A07A51}.Release|Mixed Platforms.Build.0 = Release|Any CPU
		{4670B970-4B36-42B3-BC50-A196C6A07A51}.Release|x86.ActiveCfg = Release|Any CPU
		{0B8C3B19-940D-408D-9F6B-4AFEE7246642}.Debug|Any CPU.ActiveCfg = Debug|Any CPU
		{0B8C3B19-940D-408D-9F6B-4AFEE7246642}.Debug|Any CPU.Build.0 = Debug|Any CPU
		{0B8C3B19-940D-408D-9F6B-4AFEE7246642}.Debug|Mixed.ActiveCfg = Debug|Any CPU
		{0B8C3B19-940D-408D-9F6B-4AFEE7246642}.Debug|Mixed Platforms.ActiveCfg = Debug|Any CPU
		{0B8C3B19-940D-408D-9F6B-4AFEE7246642}.Debug|Mixed Platforms.Build.0 = Debug|Any CPU
		{0B8C3B19-940D-408D-9F6B-4AFEE7246642}.Debug|x86.ActiveCfg = Debug|Any CPU
		{0B8C3B19-940D-408D-9F6B-4AFEE7246642}.Release|Any CPU.ActiveCfg = Release|Any CPU
		{0B8C3B19-940D-408D-9F6B-4AFEE7246642}.Release|Any CPU.Build.0 = Release|Any CPU
		{0B8C3B19-940D-408D-9F6B-4AFEE7246642}.Release|Mixed.ActiveCfg = Release|Any CPU
		{0B8C3B19-940D-408D-9F6B-4AFEE7246642}.Release|Mixed Platforms.ActiveCfg = Release|Any CPU
		{0B8C3B19-940D-408D-9F6B-4AFEE7246642}.Release|Mixed Platforms.Build.0 = Release|Any CPU
		{0B8C3B19-940D-408D-9F6B-4AFEE7246642}.Release|x86.ActiveCfg = Release|Any CPU
		{64E41F31-9C24-4274-93F1-86DF41EB4D83}.Debug|Any CPU.ActiveCfg = Debug|Any CPU
		{64E41F31-9C24-4274-93F1-86DF41EB4D83}.Debug|Any CPU.Build.0 = Debug|Any CPU
		{64E41F31-9C24-4274-93F1-86DF41EB4D83}.Debug|Mixed.ActiveCfg = Debug|Any CPU
		{64E41F31-9C24-4274-93F1-86DF41EB4D83}.Debug|Mixed Platforms.ActiveCfg = Debug|x86
		{64E41F31-9C24-4274-93F1-86DF41EB4D83}.Debug|Mixed Platforms.Build.0 = Debug|x86
		{64E41F31-9C24-4274-93F1-86DF41EB4D83}.Debug|x86.ActiveCfg = Debug|x86
		{64E41F31-9C24-4274-93F1-86DF41EB4D83}.Debug|x86.Build.0 = Debug|x86
		{64E41F31-9C24-4274-93F1-86DF41EB4D83}.Release|Any CPU.ActiveCfg = Release|Any CPU
		{64E41F31-9C24-4274-93F1-86DF41EB4D83}.Release|Any CPU.Build.0 = Release|Any CPU
		{64E41F31-9C24-4274-93F1-86DF41EB4D83}.Release|Mixed.ActiveCfg = Release|Any CPU
		{64E41F31-9C24-4274-93F1-86DF41EB4D83}.Release|Mixed Platforms.ActiveCfg = Release|x86
		{64E41F31-9C24-4274-93F1-86DF41EB4D83}.Release|Mixed Platforms.Build.0 = Release|x86
		{64E41F31-9C24-4274-93F1-86DF41EB4D83}.Release|x86.ActiveCfg = Release|x86
		{64E41F31-9C24-4274-93F1-86DF41EB4D83}.Release|x86.Build.0 = Release|x86
		{C3EB23FD-78E7-4298-922C-48C254551CC9}.Debug|Any CPU.ActiveCfg = Debug|Any CPU
		{C3EB23FD-78E7-4298-922C-48C254551CC9}.Debug|Any CPU.Build.0 = Debug|Any CPU
		{C3EB23FD-78E7-4298-922C-48C254551CC9}.Debug|Mixed.ActiveCfg = Debug|Any CPU
		{C3EB23FD-78E7-4298-922C-48C254551CC9}.Debug|Mixed Platforms.ActiveCfg = Debug|x86
		{C3EB23FD-78E7-4298-922C-48C254551CC9}.Debug|Mixed Platforms.Build.0 = Debug|x86
		{C3EB23FD-78E7-4298-922C-48C254551CC9}.Debug|x86.ActiveCfg = Debug|x86
		{C3EB23FD-78E7-4298-922C-48C254551CC9}.Debug|x86.Build.0 = Debug|x86
		{C3EB23FD-78E7-4298-922C-48C254551CC9}.Release|Any CPU.ActiveCfg = Release|Any CPU
		{C3EB23FD-78E7-4298-922C-48C254551CC9}.Release|Any CPU.Build.0 = Release|Any CPU
		{C3EB23FD-78E7-4298-922C-48C254551CC9}.Release|Mixed.ActiveCfg = Release|Any CPU
		{C3EB23FD-78E7-4298-922C-48C254551CC9}.Release|Mixed Platforms.ActiveCfg = Release|x86
		{C3EB23FD-78E7-4298-922C-48C254551CC9}.Release|Mixed Platforms.Build.0 = Release|x86
		{C3EB23FD-78E7-4298-922C-48C254551CC9}.Release|x86.ActiveCfg = Release|x86
		{C3EB23FD-78E7-4298-922C-48C254551CC9}.Release|x86.Build.0 = Release|x86
	EndGlobalSection
	GlobalSection(SolutionProperties) = preSolution
		HideSolutionNode = FALSE
	EndGlobalSection
	GlobalSection(NestedProjects) = preSolution
		{735CF8EC-A4EF-49A2-BC72-EC360A0185A4} = {C7A9E1F8-38FD-4268-BFC5-473CF16471D9}
		{4670B970-4B36-42B3-BC50-A196C6A07A51} = {C7A9E1F8-38FD-4268-BFC5-473CF16471D9}
		{0B8C3B19-940D-408D-9F6B-4AFEE7246642} = {C7A9E1F8-38FD-4268-BFC5-473CF16471D9}
		{64E41F31-9C24-4274-93F1-86DF41EB4D83} = {C7A9E1F8-38FD-4268-BFC5-473CF16471D9}
		{C3EB23FD-78E7-4298-922C-48C254551CC9} = {C7A9E1F8-38FD-4268-BFC5-473CF16471D9}
		{4654F58A-400C-4D47-9DC9-9FCA153554D3} = {C7A9E1F8-38FD-4268-BFC5-473CF16471D8}
		{AAD6B1D6-F529-40F8-9786-DC8E2FDF0AD6} = {C7A9E1F8-38FD-4268-BFC5-473CF16471D8}
		{99941EFE-69B0-4618-B130-6D6FC1B43EB3} = {C7A9E1F8-38FD-4268-BFC5-473CF16471D8}
		{9584C00E-7FE9-428A-9770-0A8AF6969B68} = {2D26ECAB-01CB-4A96-B34C-EA616F547227}
		{A02BE1B0-4071-4FCE-AF68-EA3A0A679DA1} = {39FEC70F-8F35-4A04-B770-59F12A0CE83F}
		{6C55B776-26D4-4DB3-A6AB-87E783B2F3D1} = {39FEC70F-8F35-4A04-B770-59F12A0CE83F}
		{0E69BE38-78C0-4662-A0E1-56C5913B5C3A} = {39FEC70F-8F35-4A04-B770-59F12A0CE83F}
		{957A91E6-91DD-4C13-B1D1-F06D66EC6D55} = {39FEC70F-8F35-4A04-B770-59F12A0CE83F}
		{8D6363BB-DDEE-48A9-9D33-4BC412434428} = {39FEC70F-8F35-4A04-B770-59F12A0CE83F}
		{D96F59C4-A727-47D9-84AD-508B04DF2714} = {39FEC70F-8F35-4A04-B770-59F12A0CE83F}
		{2807B493-CC2E-402E-901A-EB138698FEDC} = {39FEC70F-8F35-4A04-B770-59F12A0CE83F}
	EndGlobalSection
EndGlobal
